PODS:
  - TensorFlowLiteTaskVision (0.4.3)

DEPENDENCIES:
  - TensorFlowLiteTaskVision (= 0.4.3)

SPEC REPOS:
  trunk:
    - TensorFlowLiteTaskVision

SPEC CHECKSUMS:
  TensorFlowLiteTaskVision: 125d5b49d325ba2cf3938454da5f74a1cbfe0552

PODFILE CHECKSUM: 3c6eb15ad17755e74cef61aab90b2db1bf23dd77

COCOAPODS: 1.15.2
